
Microsoft Visual Studio Solution File, Format Version 12.00
# Visual Studio Version 16
VisualStudioVersion = 16.0.30803.129
MinimumVisualStudioVersion = 10.0.40219.1
Project("{2150E333-8FDC-42A3-9474-1A3956D46DE8}") = "Data Tools", "Data Tools", "{F3E78F8E-E4E2-43DD-9CCF-67AC823F38CF}"
EndProject
Project("{2150E333-8FDC-42A3-9474-1A3956D46DE8}") = "Desktop", "Desktop", "{D535C16C-F4D9-4879-9216-8BC9E130CA6B}"
EndProject
Project("{2150E333-8FDC-42A3-9474-1A3956D46DE8}") = "Windows", "Windows", "{814DBC90-89C4-4875-877B-76BDADAAFA9A}"
EndProject
Project("{2150E333-8FDC-42A3-9474-1A3956D46DE8}") = "Mac", "Mac", "{D78C2F66-17BC-4514-8F9A-7A8A1613CA94}"
EndProject
Project("{2150E333-8FDC-42A3-9474-1A3956D46DE8}") = "Mobile", "Mobile", "{2A9BA7B1-A85F-4029-A926-A25FB77C4322}"
EndProject
Project("{2150E333-8FDC-42A3-9474-1A3956D46DE8}") = "NoSql", "NoSql", "{F16585C3-3E10-4DC0-A3B0-EB63A57C161D}"
EndProject
Project("{2150E333-8FDC-42A3-9474-1A3956D46DE8}") = "Sql", "Sql", "{04325770-5300-47B3-A67D-2A2AB8D70E2E}"
EndProject
Project("{2150E333-8FDC-42A3-9474-1A3956D46DE8}") = "Console", "Console", "{8D5002AC-E2B7-4D49-A83F-0F09B228FD75}"
EndProject
Project("{2150E333-8FDC-42A3-9474-1A3956D46DE8}") = "Universal", "Universal", "{67EB4392-87F0-44DC-9300-2915E5CF22DB}"
EndProject
Project("{2150E333-8FDC-42A3-9474-1A3956D46DE8}") = "All", "All", "{046F62D1-C32E-44A0-9DFB-EFB0A6319B55}"
EndProject
Project("{9A19103F-16F7-4668-BE54-9A1E7A4F7556}") = "F.DS.Console", "F.DS.Console\F.DS.Console.csproj", "{99172B80-0578-48F1-B226-4C1ABF3FA0E6}"
EndProject
Project("{9A19103F-16F7-4668-BE54-9A1E7A4F7556}") = "F.DS.NoSqlServices", "F.DS.NoSqlServices\F.DS.NoSqlServices.csproj", "{C7F61C08-93E8-4CB9-9DB0-74A90C8BD678}"
EndProject
Project("{9A19103F-16F7-4668-BE54-9A1E7A4F7556}") = "F.DS.SqlServices", "F.DS.SqlServices\F.DS.SqlServices.csproj", "{1E6184C8-5F20-4C1A-B4CC-7FA856523BEE}"
EndProject
Project("{9A19103F-16F7-4668-BE54-9A1E7A4F7556}") = "F.DS.Windows", "F.DS.Windows\F.DS.Windows.csproj", "{6839CFB2-1569-4BA5-96D0-CE3A77A1C3B5}"
EndProject
Project("{FAE04EC0-301F-11D3-BF4B-00C04F79EFBC}") = "F.DS.UWP", "F.DS.UWP\F.DS.UWP.csproj", "{B5A1EC38-6C37-43FA-A7B0-ED7EC1E9577E}"
EndProject
Project("{2150E333-8FDC-42A3-9474-1A3956D46DE8}") = "Context", "Context", "{8302AFA5-91A0-47AB-A45E-F35ABFB7F57E}"
EndProject
Project("{9A19103F-16F7-4668-BE54-9A1E7A4F7556}") = "F.DS.DataLayer", "F.DS.DataLayer\F.DS.DataLayer.csproj", "{4C05520A-D900-4298-94FA-AFFAE88530B7}"
EndProject
Project("{9A19103F-16F7-4668-BE54-9A1E7A4F7556}") = "F.DS.SQLORM", "F.DS.SQLORM\F.DS.SQLORM.csproj", "{B9BA96E2-7606-4CCF-A7A3-56BBEBA6423E}"
EndProject
Project("{9A19103F-16F7-4668-BE54-9A1E7A4F7556}") = "F.DS.NoSQLORM", "F.DS.NoSQLORM\F.DS.NoSQLORM.csproj", "{9220AAC2-211C-4A0B-ABB5-2442450B5A9C}"
EndProject
Project("{2150E333-8FDC-42A3-9474-1A3956D46DE8}") = "Charts", "Charts", "{7B64F244-4798-402D-BA1F-F2E16B35A690}"
EndProject
Project("{9A19103F-16F7-4668-BE54-9A1E7A4F7556}") = "F.DS.Charts", "F.DS.Charts\F.DS.Charts.csproj", "{A34A432A-FDEA-47E4-81DC-A50D97EC947B}"
EndProject
Project("{2150E333-8FDC-42A3-9474-1A3956D46DE8}") = "DependencyTools", "DependencyTools", "{8997C153-17BF-4DD5-8347-C0EBEAC111A4}"
EndProject
Project("{8BC9CEB8-8B4A-11D0-8D11-00A0C91BC942}") = "F.DS.Cpp.Tools", "F.DS.Cpp.Tools\F.DS.Cpp.Tools.vcxproj", "{37698EA1-6069-454A-B271-44E56FC29DC2}"
EndProject
Project("{2150E333-8FDC-42A3-9474-1A3956D46DE8}") = "Cpp", "Cpp", "{F657851C-4FEA-40ED-A9EC-7ED83841CCA4}"
EndProject
Project("{2150E333-8FDC-42A3-9474-1A3956D46DE8}") = "FS", "FS", "{C40248D4-D8C6-40B2-98B6-716D6428E868}"
EndProject
Project("{F2A71F9B-5D33-465A-A702-920D77279786}") = "F.DS.FS", "F.DS.FS\F.DS.FS.fsproj", "{1D8C870C-C6F3-44A4-8799-84C1F16F3531}"
EndProject
Global
	GlobalSection(SolutionConfigurationPlatforms) = preSolution
		Debug|Any CPU = Debug|Any CPU
		Debug|ARM = Debug|ARM
		Debug|ARM64 = Debug|ARM64
		Debug|x64 = Debug|x64
		Debug|x86 = Debug|x86
		Release|Any CPU = Release|Any CPU
		Release|ARM = Release|ARM
		Release|ARM64 = Release|ARM64
		Release|x64 = Release|x64
		Release|x86 = Release|x86
	EndGlobalSection
	GlobalSection(ProjectConfigurationPlatforms) = postSolution
		{99172B80-0578-48F1-B226-4C1ABF3FA0E6}.Debug|Any CPU.ActiveCfg = Debug|Any CPU
		{99172B80-0578-48F1-B226-4C1ABF3FA0E6}.Debug|Any CPU.Build.0 = Debug|Any CPU
		{99172B80-0578-48F1-B226-4C1ABF3FA0E6}.Debug|ARM.ActiveCfg = Debug|Any CPU
		{99172B80-0578-48F1-B226-4C1ABF3FA0E6}.Debug|ARM.Build.0 = Debug|Any CPU
		{99172B80-0578-48F1-B226-4C1ABF3FA0E6}.Debug|ARM64.ActiveCfg = Debug|Any CPU
		{99172B80-0578-48F1-B226-4C1ABF3FA0E6}.Debug|ARM64.Build.0 = Debug|Any CPU
		{99172B80-0578-48F1-B226-4C1ABF3FA0E6}.Debug|x64.ActiveCfg = Debug|Any CPU
		{99172B80-0578-48F1-B226-4C1ABF3FA0E6}.Debug|x64.Build.0 = Debug|Any CPU
		{99172B80-0578-48F1-B226-4C1ABF3FA0E6}.Debug|x86.ActiveCfg = Debug|Any CPU
		{99172B80-0578-48F1-B226-4C1ABF3FA0E6}.Debug|x86.Build.0 = Debug|Any CPU
		{99172B80-0578-48F1-B226-4C1ABF3FA0E6}.Release|Any CPU.ActiveCfg = Release|Any CPU
		{99172B80-0578-48F1-B226-4C1ABF3FA0E6}.Release|Any CPU.Build.0 = Release|Any CPU
		{99172B80-0578-48F1-B226-4C1ABF3FA0E6}.Release|ARM.ActiveCfg = Release|Any CPU
		{99172B80-0578-48F1-B226-4C1ABF3FA0E6}.Release|ARM.Build.0 = Release|Any CPU
		{99172B80-0578-48F1-B226-4C1ABF3FA0E6}.Release|ARM64.ActiveCfg = Release|Any CPU
		{99172B80-0578-48F1-B226-4C1ABF3FA0E6}.Release|ARM64.Build.0 = Release|Any CPU
		{99172B80-0578-48F1-B226-4C1ABF3FA0E6}.Release|x64.ActiveCfg = Release|Any CPU
		{99172B80-0578-48F1-B226-4C1ABF3FA0E6}.Release|x64.Build.0 = Release|Any CPU
		{99172B80-0578-48F1-B226-4C1ABF3FA0E6}.Release|x86.ActiveCfg = Release|Any CPU
		{99172B80-0578-48F1-B226-4C1ABF3FA0E6}.Release|x86.Build.0 = Release|Any CPU
		{C7F61C08-93E8-4CB9-9DB0-74A90C8BD678}.Debug|Any CPU.ActiveCfg = Debug|Any CPU
		{C7F61C08-93E8-4CB9-9DB0-74A90C8BD678}.Debug|Any CPU.Build.0 = Debug|Any CPU
		{C7F61C08-93E8-4CB9-9DB0-74A90C8BD678}.Debug|ARM.ActiveCfg = Debug|Any CPU
		{C7F61C08-93E8-4CB9-9DB0-74A90C8BD678}.Debug|ARM.Build.0 = Debug|Any CPU
		{C7F61C08-93E8-4CB9-9DB0-74A90C8BD678}.Debug|ARM64.ActiveCfg = Debug|Any CPU
		{C7F61C08-93E8-4CB9-9DB0-74A90C8BD678}.Debug|ARM64.Build.0 = Debug|Any CPU
		{C7F61C08-93E8-4CB9-9DB0-74A90C8BD678}.Debug|x64.ActiveCfg = Debug|Any CPU
		{C7F61C08-93E8-4CB9-9DB0-74A90C8BD678}.Debug|x64.Build.0 = Debug|Any CPU
		{C7F61C08-93E8-4CB9-9DB0-74A90C8BD678}.Debug|x86.ActiveCfg = Debug|Any CPU
		{C7F61C08-93E8-4CB9-9DB0-74A90C8BD678}.Debug|x86.Build.0 = Debug|Any CPU
		{C7F61C08-93E8-4CB9-9DB0-74A90C8BD678}.Release|Any CPU.ActiveCfg = Release|Any CPU
		{C7F61C08-93E8-4CB9-9DB0-74A90C8BD678}.Release|Any CPU.Build.0 = Release|Any CPU
		{C7F61C08-93E8-4CB9-9DB0-74A90C8BD678}.Release|ARM.ActiveCfg = Release|Any CPU
		{C7F61C08-93E8-4CB9-9DB0-74A90C8BD678}.Release|ARM.Build.0 = Release|Any CPU
		{C7F61C08-93E8-4CB9-9DB0-74A90C8BD678}.Release|ARM64.ActiveCfg = Release|Any CPU
		{C7F61C08-93E8-4CB9-9DB0-74A90C8BD678}.Release|ARM64.Build.0 = Release|Any CPU
		{C7F61C08-93E8-4CB9-9DB0-74A90C8BD678}.Release|x64.ActiveCfg = Release|Any CPU
		{C7F61C08-93E8-4CB9-9DB0-74A90C8BD678}.Release|x64.Build.0 = Release|Any CPU
		{C7F61C08-93E8-4CB9-9DB0-74A90C8BD678}.Release|x86.ActiveCfg = Release|Any CPU
		{C7F61C08-93E8-4CB9-9DB0-74A90C8BD678}.Release|x86.Build.0 = Release|Any CPU
		{1E6184C8-5F20-4C1A-B4CC-7FA856523BEE}.Debug|Any CPU.ActiveCfg = Debug|Any CPU
		{1E6184C8-5F20-4C1A-B4CC-7FA856523BEE}.Debug|Any CPU.Build.0 = Debug|Any CPU
		{1E6184C8-5F20-4C1A-B4CC-7FA856523BEE}.Debug|ARM.ActiveCfg = Debug|Any CPU
		{1E6184C8-5F20-4C1A-B4CC-7FA856523BEE}.Debug|ARM.Build.0 = Debug|Any CPU
		{1E6184C8-5F20-4C1A-B4CC-7FA856523BEE}.Debug|ARM64.ActiveCfg = Debug|Any CPU
		{1E6184C8-5F20-4C1A-B4CC-7FA856523BEE}.Debug|ARM64.Build.0 = Debug|Any CPU
		{1E6184C8-5F20-4C1A-B4CC-7FA856523BEE}.Debug|x64.ActiveCfg = Debug|Any CPU
		{1E6184C8-5F20-4C1A-B4CC-7FA856523BEE}.Debug|x64.Build.0 = Debug|Any CPU
		{1E6184C8-5F20-4C1A-B4CC-7FA856523BEE}.Debug|x86.ActiveCfg = Debug|Any CPU
		{1E6184C8-5F20-4C1A-B4CC-7FA856523BEE}.Debug|x86.Build.0 = Debug|Any CPU
		{1E6184C8-5F20-4C1A-B4CC-7FA856523BEE}.Release|Any CPU.ActiveCfg = Release|Any CPU
		{1E6184C8-5F20-4C1A-B4CC-7FA856523BEE}.Release|Any CPU.Build.0 = Release|Any CPU
		{1E6184C8-5F20-4C1A-B4CC-7FA856523BEE}.Release|ARM.ActiveCfg = Release|Any CPU
		{1E6184C8-5F20-4C1A-B4CC-7FA856523BEE}.Release|ARM.Build.0 = Release|Any CPU
		{1E6184C8-5F20-4C1A-B4CC-7FA856523BEE}.Release|ARM64.ActiveCfg = Release|Any CPU
		{1E6184C8-5F20-4C1A-B4CC-7FA856523BEE}.Release|ARM64.Build.0 = Release|Any CPU
		{1E6184C8-5F20-4C1A-B4CC-7FA856523BEE}.Release|x64.ActiveCfg = Release|Any CPU
		{1E6184C8-5F20-4C1A-B4CC-7FA856523BEE}.Release|x64.Build.0 = Release|Any CPU
		{1E6184C8-5F20-4C1A-B4CC-7FA856523BEE}.Release|x86.ActiveCfg = Release|Any CPU
		{1E6184C8-5F20-4C1A-B4CC-7FA856523BEE}.Release|x86.Build.0 = Release|Any CPU
		{6839CFB2-1569-4BA5-96D0-CE3A77A1C3B5}.Debug|Any CPU.ActiveCfg = Debug|Any CPU
		{6839CFB2-1569-4BA5-96D0-CE3A77A1C3B5}.Debug|Any CPU.Build.0 = Debug|Any CPU
		{6839CFB2-1569-4BA5-96D0-CE3A77A1C3B5}.Debug|ARM.ActiveCfg = Debug|Any CPU
		{6839CFB2-1569-4BA5-96D0-CE3A77A1C3B5}.Debug|ARM.Build.0 = Debug|Any CPU
		{6839CFB2-1569-4BA5-96D0-CE3A77A1C3B5}.Debug|ARM64.ActiveCfg = Debug|Any CPU
		{6839CFB2-1569-4BA5-96D0-CE3A77A1C3B5}.Debug|ARM64.Build.0 = Debug|Any CPU
		{6839CFB2-1569-4BA5-96D0-CE3A77A1C3B5}.Debug|x64.ActiveCfg = Debug|Any CPU
		{6839CFB2-1569-4BA5-96D0-CE3A77A1C3B5}.Debug|x64.Build.0 = Debug|Any CPU
		{6839CFB2-1569-4BA5-96D0-CE3A77A1C3B5}.Debug|x86.ActiveCfg = Debug|Any CPU
		{6839CFB2-1569-4BA5-96D0-CE3A77A1C3B5}.Debug|x86.Build.0 = Debug|Any CPU
		{6839CFB2-1569-4BA5-96D0-CE3A77A1C3B5}.Release|Any CPU.ActiveCfg = Release|Any CPU
		{6839CFB2-1569-4BA5-96D0-CE3A77A1C3B5}.Release|Any CPU.Build.0 = Release|Any CPU
		{6839CFB2-1569-4BA5-96D0-CE3A77A1C3B5}.Release|ARM.ActiveCfg = Release|Any CPU
		{6839CFB2-1569-4BA5-96D0-CE3A77A1C3B5}.Release|ARM.Build.0 = Release|Any CPU
		{6839CFB2-1569-4BA5-96D0-CE3A77A1C3B5}.Release|ARM64.ActiveCfg = Release|Any CPU
		{6839CFB2-1569-4BA5-96D0-CE3A77A1C3B5}.Release|ARM64.Build.0 = Release|Any CPU
		{6839CFB2-1569-4BA5-96D0-CE3A77A1C3B5}.Release|x64.ActiveCfg = Release|Any CPU
		{6839CFB2-1569-4BA5-96D0-CE3A77A1C3B5}.Release|x64.Build.0 = Release|Any CPU
		{6839CFB2-1569-4BA5-96D0-CE3A77A1C3B5}.Release|x86.ActiveCfg = Release|Any CPU
		{6839CFB2-1569-4BA5-96D0-CE3A77A1C3B5}.Release|x86.Build.0 = Release|Any CPU
		{B5A1EC38-6C37-43FA-A7B0-ED7EC1E9577E}.Debug|Any CPU.ActiveCfg = Debug|x86
		{B5A1EC38-6C37-43FA-A7B0-ED7EC1E9577E}.Debug|ARM.ActiveCfg = Debug|ARM
		{B5A1EC38-6C37-43FA-A7B0-ED7EC1E9577E}.Debug|ARM.Build.0 = Debug|ARM
		{B5A1EC38-6C37-43FA-A7B0-ED7EC1E9577E}.Debug|ARM.Deploy.0 = Debug|ARM
		{B5A1EC38-6C37-43FA-A7B0-ED7EC1E9577E}.Debug|ARM64.ActiveCfg = Debug|ARM64
		{B5A1EC38-6C37-43FA-A7B0-ED7EC1E9577E}.Debug|ARM64.Build.0 = Debug|ARM64
		{B5A1EC38-6C37-43FA-A7B0-ED7EC1E9577E}.Debug|ARM64.Deploy.0 = Debug|ARM64
		{B5A1EC38-6C37-43FA-A7B0-ED7EC1E9577E}.Debug|x64.ActiveCfg = Debug|x64
		{B5A1EC38-6C37-43FA-A7B0-ED7EC1E9577E}.Debug|x64.Build.0 = Debug|x64
		{B5A1EC38-6C37-43FA-A7B0-ED7EC1E9577E}.Debug|x64.Deploy.0 = Debug|x64
		{B5A1EC38-6C37-43FA-A7B0-ED7EC1E9577E}.Debug|x86.ActiveCfg = Debug|x86
		{B5A1EC38-6C37-43FA-A7B0-ED7EC1E9577E}.Debug|x86.Build.0 = Debug|x86
		{B5A1EC38-6C37-43FA-A7B0-ED7EC1E9577E}.Debug|x86.Deploy.0 = Debug|x86
		{B5A1EC38-6C37-43FA-A7B0-ED7EC1E9577E}.Release|Any CPU.ActiveCfg = Release|x86
		{B5A1EC38-6C37-43FA-A7B0-ED7EC1E9577E}.Release|ARM.ActiveCfg = Release|ARM
		{B5A1EC38-6C37-43FA-A7B0-ED7EC1E9577E}.Release|ARM.Build.0 = Release|ARM
		{B5A1EC38-6C37-43FA-A7B0-ED7EC1E9577E}.Release|ARM.Deploy.0 = Release|ARM
		{B5A1EC38-6C37-43FA-A7B0-ED7EC1E9577E}.Release|ARM64.ActiveCfg = Release|ARM64
		{B5A1EC38-6C37-43FA-A7B0-ED7EC1E9577E}.Release|ARM64.Build.0 = Release|ARM64
		{B5A1EC38-6C37-43FA-A7B0-ED7EC1E9577E}.Release|ARM64.Deploy.0 = Release|ARM64
		{B5A1EC38-6C37-43FA-A7B0-ED7EC1E9577E}.Release|x64.ActiveCfg = Release|x64
		{B5A1EC38-6C37-43FA-A7B0-ED7EC1E9577E}.Release|x64.Build.0 = Release|x64
		{B5A1EC38-6C37-43FA-A7B0-ED7EC1E9577E}.Release|x64.Deploy.0 = Release|x64
		{B5A1EC38-6C37-43FA-A7B0-ED7EC1E9577E}.Release|x86.ActiveCfg = Release|x86
		{B5A1EC38-6C37-43FA-A7B0-ED7EC1E9577E}.Release|x86.Build.0 = Release|x86
		{B5A1EC38-6C37-43FA-A7B0-ED7EC1E9577E}.Release|x86.Deploy.0 = Release|x86
		{4C05520A-D900-4298-94FA-AFFAE88530B7}.Debug|Any CPU.ActiveCfg = Debug|Any CPU
		{4C05520A-D900-4298-94FA-AFFAE88530B7}.Debug|Any CPU.Build.0 = Debug|Any CPU
		{4C05520A-D900-4298-94FA-AFFAE88530B7}.Debug|ARM.ActiveCfg = Debug|Any CPU
		{4C05520A-D900-4298-94FA-AFFAE88530B7}.Debug|ARM.Build.0 = Debug|Any CPU
		{4C05520A-D900-4298-94FA-AFFAE88530B7}.Debug|ARM64.ActiveCfg = Debug|Any CPU
		{4C05520A-D900-4298-94FA-AFFAE88530B7}.Debug|ARM64.Build.0 = Debug|Any CPU
		{4C05520A-D900-4298-94FA-AFFAE88530B7}.Debug|x64.ActiveCfg = Debug|Any CPU
		{4C05520A-D900-4298-94FA-AFFAE88530B7}.Debug|x64.Build.0 = Debug|Any CPU
		{4C05520A-D900-4298-94FA-AFFAE88530B7}.Debug|x86.ActiveCfg = Debug|Any CPU
		{4C05520A-D900-4298-94FA-AFFAE88530B7}.Debug|x86.Build.0 = Debug|Any CPU
		{4C05520A-D900-4298-94FA-AFFAE88530B7}.Release|Any CPU.ActiveCfg = Release|Any CPU
		{4C05520A-D900-4298-94FA-AFFAE88530B7}.Release|Any CPU.Build.0 = Release|Any CPU
		{4C05520A-D900-4298-94FA-AFFAE88530B7}.Release|ARM.ActiveCfg = Release|Any CPU
		{4C05520A-D900-4298-94FA-AFFAE88530B7}.Release|ARM.Build.0 = Release|Any CPU
		{4C05520A-D900-4298-94FA-AFFAE88530B7}.Release|ARM64.ActiveCfg = Release|Any CPU
		{4C05520A-D900-4298-94FA-AFFAE88530B7}.Release|ARM64.Build.0 = Release|Any CPU
		{4C05520A-D900-4298-94FA-AFFAE88530B7}.Release|x64.ActiveCfg = Release|Any CPU
		{4C05520A-D900-4298-94FA-AFFAE88530B7}.Release|x64.Build.0 = Release|Any CPU
		{4C05520A-D900-4298-94FA-AFFAE88530B7}.Release|x86.ActiveCfg = Release|Any CPU
		{4C05520A-D900-4298-94FA-AFFAE88530B7}.Release|x86.Build.0 = Release|Any CPU
		{B9BA96E2-7606-4CCF-A7A3-56BBEBA6423E}.Debug|Any CPU.ActiveCfg = Debug|Any CPU
		{B9BA96E2-7606-4CCF-A7A3-56BBEBA6423E}.Debug|Any CPU.Build.0 = Debug|Any CPU
		{B9BA96E2-7606-4CCF-A7A3-56BBEBA6423E}.Debug|ARM.ActiveCfg = Debug|Any CPU
		{B9BA96E2-7606-4CCF-A7A3-56BBEBA6423E}.Debug|ARM.Build.0 = Debug|Any CPU
		{B9BA96E2-7606-4CCF-A7A3-56BBEBA6423E}.Debug|ARM64.ActiveCfg = Debug|Any CPU
		{B9BA96E2-7606-4CCF-A7A3-56BBEBA6423E}.Debug|ARM64.Build.0 = Debug|Any CPU
		{B9BA96E2-7606-4CCF-A7A3-56BBEBA6423E}.Debug|x64.ActiveCfg = Debug|Any CPU
		{B9BA96E2-7606-4CCF-A7A3-56BBEBA6423E}.Debug|x64.Build.0 = Debug|Any CPU
		{B9BA96E2-7606-4CCF-A7A3-56BBEBA6423E}.Debug|x86.ActiveCfg = Debug|Any CPU
		{B9BA96E2-7606-4CCF-A7A3-56BBEBA6423E}.Debug|x86.Build.0 = Debug|Any CPU
		{B9BA96E2-7606-4CCF-A7A3-56BBEBA6423E}.Release|Any CPU.ActiveCfg = Release|Any CPU
		{B9BA96E2-7606-4CCF-A7A3-56BBEBA6423E}.Release|Any CPU.Build.0 = Release|Any CPU
		{B9BA96E2-7606-4CCF-A7A3-56BBEBA6423E}.Release|ARM.ActiveCfg = Release|Any CPU
		{B9BA96E2-7606-4CCF-A7A3-56BBEBA6423E}.Release|ARM.Build.0 = Release|Any CPU
		{B9BA96E2-7606-4CCF-A7A3-56BBEBA6423E}.Release|ARM64.ActiveCfg = Release|Any CPU
		{B9BA96E2-7606-4CCF-A7A3-56BBEBA6423E}.Release|ARM64.Build.0 = Release|Any CPU
		{B9BA96E2-7606-4CCF-A7A3-56BBEBA6423E}.Release|x64.ActiveCfg = Release|Any CPU
		{B9BA96E2-7606-4CCF-A7A3-56BBEBA6423E}.Release|x64.Build.0 = Release|Any CPU
		{B9BA96E2-7606-4CCF-A7A3-56BBEBA6423E}.Release|x86.ActiveCfg = Release|Any CPU
		{B9BA96E2-7606-4CCF-A7A3-56BBEBA6423E}.Release|x86.Build.0 = Release|Any CPU
		{9220AAC2-211C-4A0B-ABB5-2442450B5A9C}.Debug|Any CPU.ActiveCfg = Debug|Any CPU
		{9220AAC2-211C-4A0B-ABB5-2442450B5A9C}.Debug|Any CPU.Build.0 = Debug|Any CPU
		{9220AAC2-211C-4A0B-ABB5-2442450B5A9C}.Debug|ARM.ActiveCfg = Debug|Any CPU
		{9220AAC2-211C-4A0B-ABB5-2442450B5A9C}.Debug|ARM.Build.0 = Debug|Any CPU
		{9220AAC2-211C-4A0B-ABB5-2442450B5A9C}.Debug|ARM64.ActiveCfg = Debug|Any CPU
		{9220AAC2-211C-4A0B-ABB5-2442450B5A9C}.Debug|ARM64.Build.0 = Debug|Any CPU
		{9220AAC2-211C-4A0B-ABB5-2442450B5A9C}.Debug|x64.ActiveCfg = Debug|Any CPU
		{9220AAC2-211C-4A0B-ABB5-2442450B5A9C}.Debug|x64.Build.0 = Debug|Any CPU
		{9220AAC2-211C-4A0B-ABB5-2442450B5A9C}.Debug|x86.ActiveCfg = Debug|Any CPU
		{9220AAC2-211C-4A0B-ABB5-2442450B5A9C}.Debug|x86.Build.0 = Debug|Any CPU
		{9220AAC2-211C-4A0B-ABB5-2442450B5A9C}.Release|Any CPU.ActiveCfg = Release|Any CPU
		{9220AAC2-211C-4A0B-ABB5-2442450B5A9C}.Release|Any CPU.Build.0 = Release|Any CPU
		{9220AAC2-211C-4A0B-ABB5-2442450B5A9C}.Release|ARM.ActiveCfg = Release|Any CPU
		{9220AAC2-211C-4A0B-ABB5-2442450B5A9C}.Release|ARM.Build.0 = Release|Any CPU
		{9220AAC2-211C-4A0B-ABB5-2442450B5A9C}.Release|ARM64.ActiveCfg = Release|Any CPU
		{9220AAC2-211C-4A0B-ABB5-2442450B5A9C}.Release|ARM64.Build.0 = Release|Any CPU
		{9220AAC2-211C-4A0B-ABB5-2442450B5A9C}.Release|x64.ActiveCfg = Release|Any CPU
		{9220AAC2-211C-4A0B-ABB5-2442450B5A9C}.Release|x64.Build.0 = Release|Any CPU
		{9220AAC2-211C-4A0B-ABB5-2442450B5A9C}.Release|x86.ActiveCfg = Release|Any CPU
		{9220AAC2-211C-4A0B-ABB5-2442450B5A9C}.Release|x86.Build.0 = Release|Any CPU
		{A34A432A-FDEA-47E4-81DC-A50D97EC947B}.Debug|Any CPU.ActiveCfg = Debug|Any CPU
		{A34A432A-FDEA-47E4-81DC-A50D97EC947B}.Debug|Any CPU.Build.0 = Debug|Any CPU
		{A34A432A-FDEA-47E4-81DC-A50D97EC947B}.Debug|ARM.ActiveCfg = Debug|Any CPU
		{A34A432A-FDEA-47E4-81DC-A50D97EC947B}.Debug|ARM.Build.0 = Debug|Any CPU
		{A34A432A-FDEA-47E4-81DC-A50D97EC947B}.Debug|ARM64.ActiveCfg = Debug|Any CPU
		{A34A432A-FDEA-47E4-81DC-A50D97EC947B}.Debug|ARM64.Build.0 = Debug|Any CPU
		{A34A432A-FDEA-47E4-81DC-A50D97EC947B}.Debug|x64.ActiveCfg = Debug|Any CPU
		{A34A432A-FDEA-47E4-81DC-A50D97EC947B}.Debug|x64.Build.0 = Debug|Any CPU
		{A34A432A-FDEA-47E4-81DC-A50D97EC947B}.Debug|x86.ActiveCfg = Debug|Any CPU
		{A34A432A-FDEA-47E4-81DC-A50D97EC947B}.Debug|x86.Build.0 = Debug|Any CPU
		{A34A432A-FDEA-47E4-81DC-A50D97EC947B}.Release|Any CPU.ActiveCfg = Release|Any CPU
		{A34A432A-FDEA-47E4-81DC-A50D97EC947B}.Release|Any CPU.Build.0 = Release|Any CPU
		{A34A432A-FDEA-47E4-81DC-A50D97EC947B}.Release|ARM.ActiveCfg = Release|Any CPU
		{A34A432A-FDEA-47E4-81DC-A50D97EC947B}.Release|ARM.Build.0 = Release|Any CPU
		{A34A432A-FDEA-47E4-81DC-A50D97EC947B}.Release|ARM64.ActiveCfg = Release|Any CPU
		{A34A432A-FDEA-47E4-81DC-A50D97EC947B}.Release|ARM64.Build.0 = Release|Any CPU
		{A34A432A-FDEA-47E4-81DC-A50D97EC947B}.Release|x64.ActiveCfg = Release|Any CPU
		{A34A432A-FDEA-47E4-81DC-A50D97EC947B}.Release|x64.Build.0 = Release|Any CPU
		{A34A432A-FDEA-47E4-81DC-A50D97EC947B}.Release|x86.ActiveCfg = Release|Any CPU
		{A34A432A-FDEA-47E4-81DC-A50D97EC947B}.Release|x86.Build.0 = Release|Any CPU
		{37698EA1-6069-454A-B271-44E56FC29DC2}.Debug|Any CPU.ActiveCfg = Debug|Win32
		{37698EA1-6069-454A-B271-44E56FC29DC2}.Debug|ARM.ActiveCfg = Debug|Win32
		{37698EA1-6069-454A-B271-44E56FC29DC2}.Debug|ARM64.ActiveCfg = Debug|Win32
		{37698EA1-6069-454A-B271-44E56FC29DC2}.Debug|x64.ActiveCfg = Debug|x64
		{37698EA1-6069-454A-B271-44E56FC29DC2}.Debug|x64.Build.0 = Debug|x64
		{37698EA1-6069-454A-B271-44E56FC29DC2}.Debug|x86.ActiveCfg = Debug|Win32
		{37698EA1-6069-454A-B271-44E56FC29DC2}.Debug|x86.Build.0 = Debug|Win32
		{37698EA1-6069-454A-B271-44E56FC29DC2}.Release|Any CPU.ActiveCfg = Release|Win32
		{37698EA1-6069-454A-B271-44E56FC29DC2}.Release|ARM.ActiveCfg = Release|Win32
		{37698EA1-6069-454A-B271-44E56FC29DC2}.Release|ARM64.ActiveCfg = Release|Win32
		{37698EA1-6069-454A-B271-44E56FC29DC2}.Release|x64.ActiveCfg = Release|x64
		{37698EA1-6069-454A-B271-44E56FC29DC2}.Release|x64.Build.0 = Release|x64
		{37698EA1-6069-454A-B271-44E56FC29DC2}.Release|x86.ActiveCfg = Release|Win32
		{37698EA1-6069-454A-B271-44E56FC29DC2}.Release|x86.Build.0 = Release|Win32
		{1D8C870C-C6F3-44A4-8799-84C1F16F3531}.Debug|Any CPU.ActiveCfg = Debug|Any CPU
		{1D8C870C-C6F3-44A4-8799-84C1F16F3531}.Debug|Any CPU.Build.0 = Debug|Any CPU
		{1D8C870C-C6F3-44A4-8799-84C1F16F3531}.Debug|ARM.ActiveCfg = Debug|Any CPU
		{1D8C870C-C6F3-44A4-8799-84C1F16F3531}.Debug|ARM.Build.0 = Debug|Any CPU
		{1D8C870C-C6F3-44A4-8799-84C1F16F3531}.Debug|ARM64.ActiveCfg = Debug|Any CPU
		{1D8C870C-C6F3-44A4-8799-84C1F16F3531}.Debug|ARM64.Build.0 = Debug|Any CPU
		{1D8C870C-C6F3-44A4-8799-84C1F16F3531}.Debug|x64.ActiveCfg = Debug|Any CPU
		{1D8C870C-C6F3-44A4-8799-84C1F16F3531}.Debug|x64.Build.0 = Debug|Any CPU
		{1D8C870C-C6F3-44A4-8799-84C1F16F3531}.Debug|x86.ActiveCfg = Debug|Any CPU
		{1D8C870C-C6F3-44A4-8799-84C1F16F3531}.Debug|x86.Build.0 = Debug|Any CPU
		{1D8C870C-C6F3-44A4-8799-84C1F16F3531}.Release|Any CPU.ActiveCfg = Release|Any CPU
		{1D8C870C-C6F3-44A4-8799-84C1F16F3531}.Release|Any CPU.Build.0 = Release|Any CPU
		{1D8C870C-C6F3-44A4-8799-84C1F16F3531}.Release|ARM.ActiveCfg = Release|Any CPU
		{1D8C870C-C6F3-44A4-8799-84C1F16F3531}.Release|ARM.Build.0 = Release|Any CPU
		{1D8C870C-C6F3-44A4-8799-84C1F16F3531}.Release|ARM64.ActiveCfg = Release|Any CPU
		{1D8C870C-C6F3-44A4-8799-84C1F16F3531}.Release|ARM64.Build.0 = Release|Any CPU
		{1D8C870C-C6F3-44A4-8799-84C1F16F3531}.Release|x64.ActiveCfg = Release|Any CPU
		{1D8C870C-C6F3-44A4-8799-84C1F16F3531}.Release|x64.Build.0 = Release|Any CPU
		{1D8C870C-C6F3-44A4-8799-84C1F16F3531}.Release|x86.ActiveCfg = Release|Any CPU
		{1D8C870C-C6F3-44A4-8799-84C1F16F3531}.Release|x86.Build.0 = Release|Any CPU
	EndGlobalSection
	GlobalSection(SolutionProperties) = preSolution
		HideSolutionNode = FALSE
	EndGlobalSection
	GlobalSection(NestedProjects) = preSolution
		{814DBC90-89C4-4875-877B-76BDADAAFA9A} = {D535C16C-F4D9-4879-9216-8BC9E130CA6B}
		{D78C2F66-17BC-4514-8F9A-7A8A1613CA94} = {D535C16C-F4D9-4879-9216-8BC9E130CA6B}
		{2A9BA7B1-A85F-4029-A926-A25FB77C4322} = {D535C16C-F4D9-4879-9216-8BC9E130CA6B}
		{F16585C3-3E10-4DC0-A3B0-EB63A57C161D} = {F3E78F8E-E4E2-43DD-9CCF-67AC823F38CF}
		{04325770-5300-47B3-A67D-2A2AB8D70E2E} = {F3E78F8E-E4E2-43DD-9CCF-67AC823F38CF}
		{67EB4392-87F0-44DC-9300-2915E5CF22DB} = {814DBC90-89C4-4875-877B-76BDADAAFA9A}
		{046F62D1-C32E-44A0-9DFB-EFB0A6319B55} = {814DBC90-89C4-4875-877B-76BDADAAFA9A}
		{99172B80-0578-48F1-B226-4C1ABF3FA0E6} = {8D5002AC-E2B7-4D49-A83F-0F09B228FD75}
		{C7F61C08-93E8-4CB9-9DB0-74A90C8BD678} = {F16585C3-3E10-4DC0-A3B0-EB63A57C161D}
		{1E6184C8-5F20-4C1A-B4CC-7FA856523BEE} = {04325770-5300-47B3-A67D-2A2AB8D70E2E}
		{6839CFB2-1569-4BA5-96D0-CE3A77A1C3B5} = {046F62D1-C32E-44A0-9DFB-EFB0A6319B55}
		{B5A1EC38-6C37-43FA-A7B0-ED7EC1E9577E} = {67EB4392-87F0-44DC-9300-2915E5CF22DB}
		{8302AFA5-91A0-47AB-A45E-F35ABFB7F57E} = {F3E78F8E-E4E2-43DD-9CCF-67AC823F38CF}
		{4C05520A-D900-4298-94FA-AFFAE88530B7} = {8302AFA5-91A0-47AB-A45E-F35ABFB7F57E}
		{B9BA96E2-7606-4CCF-A7A3-56BBEBA6423E} = {04325770-5300-47B3-A67D-2A2AB8D70E2E}
		{9220AAC2-211C-4A0B-ABB5-2442450B5A9C} = {F16585C3-3E10-4DC0-A3B0-EB63A57C161D}
		{A34A432A-FDEA-47E4-81DC-A50D97EC947B} = {7B64F244-4798-402D-BA1F-F2E16B35A690}
		{37698EA1-6069-454A-B271-44E56FC29DC2} = {F657851C-4FEA-40ED-A9EC-7ED83841CCA4}
		{F657851C-4FEA-40ED-A9EC-7ED83841CCA4} = {8997C153-17BF-4DD5-8347-C0EBEAC111A4}
		{C40248D4-D8C6-40B2-98B6-716D6428E868} = {8997C153-17BF-4DD5-8347-C0EBEAC111A4}
		{1D8C870C-C6F3-44A4-8799-84C1F16F3531} = {C40248D4-D8C6-40B2-98B6-716D6428E868}
	EndGlobalSection
	GlobalSection(ExtensibilityGlobals) = postSolution
		SolutionGuid = {7471ACE0-7327-4E38-9F1F-68B3234CAFBD}
	EndGlobalSection
EndGlobal
