
Microsoft Visual Studio Solution File, Format Version 12.00
# Visual Studio Version 16
VisualStudioVersion = 16.0.30803.129
MinimumVisualStudioVersion = 10.0.40219.1
Project("{2150E333-8FDC-42A3-9474-1A3956D46DE8}") = "Data Tools", "Data Tools", "{F3E78F8E-E4E2-43DD-9CCF-67AC823F38CF}"
EndProject
Project("{2150E333-8FDC-42A3-9474-1A3956D46DE8}") = "Desktop", "Desktop", "{D535C16C-F4D9-4879-9216-8BC9E130CA6B}"
EndProject
Project("{2150E333-8FDC-42A3-9474-1A3956D46DE8}") = "Windows", "Windows", "{814DBC90-89C4-4875-877B-76BDADAAFA9A}"
EndProject
Project("{2150E333-8FDC-42A3-9474-1A3956D46DE8}") = "Mac", "Mac", "{D78C2F66-17BC-4514-8F9A-7A8A1613CA94}"
EndProject
Project("{2150E333-8FDC-42A3-9474-1A3956D46DE8}") = "Mobile", "Mobile", "{2A9BA7B1-A85F-4029-A926-A25FB77C4322}"
EndProject
Project("{2150E333-8FDC-42A3-9474-1A3956D46DE8}") = "NoSql", "NoSql", "{F16585C3-3E10-4DC0-A3B0-EB63A57C161D}"
EndProject
Project("{2150E333-8FDC-42A3-9474-1A3956D46DE8}") = "Sql", "Sql", "{04325770-5300-47B3-A67D-2A2AB8D70E2E}"
EndProject
Project("{2150E333-8FDC-42A3-9474-1A3956D46DE8}") = "Console", "Console", "{8D5002AC-E2B7-4D49-A83F-0F09B228FD75}"
EndProject
Project("{2150E333-8FDC-42A3-9474-1A3956D46DE8}") = "Universal", "Universal", "{67EB4392-87F0-44DC-9300-2915E5CF22DB}"
EndProject
Project("{2150E333-8FDC-42A3-9474-1A3956D46DE8}") = "All", "All", "{046F62D1-C32E-44A0-9DFB-EFB0A6319B55}"
EndProject
Project("{FAE04EC0-301F-11D3-BF4B-00C04F79EFBC}") = "F.DS.Console", "F.DS.Console\F.DS.Console.csproj", "{99172B80-0578-48F1-B226-4C1ABF3FA0E6}"
EndProject
Global
	GlobalSection(SolutionConfigurationPlatforms) = preSolution
		Debug|Any CPU = Debug|Any CPU
		Release|Any CPU = Release|Any CPU
	EndGlobalSection
	GlobalSection(ProjectConfigurationPlatforms) = postSolution
		{99172B80-0578-48F1-B226-4C1ABF3FA0E6}.Debug|Any CPU.ActiveCfg = Debug|Any CPU
		{99172B80-0578-48F1-B226-4C1ABF3FA0E6}.Debug|Any CPU.Build.0 = Debug|Any CPU
		{99172B80-0578-48F1-B226-4C1ABF3FA0E6}.Release|Any CPU.ActiveCfg = Release|Any CPU
		{99172B80-0578-48F1-B226-4C1ABF3FA0E6}.Release|Any CPU.Build.0 = Release|Any CPU
	EndGlobalSection
	GlobalSection(SolutionProperties) = preSolution
		HideSolutionNode = FALSE
	EndGlobalSection
	GlobalSection(NestedProjects) = preSolution
		{814DBC90-89C4-4875-877B-76BDADAAFA9A} = {D535C16C-F4D9-4879-9216-8BC9E130CA6B}
		{D78C2F66-17BC-4514-8F9A-7A8A1613CA94} = {D535C16C-F4D9-4879-9216-8BC9E130CA6B}
		{2A9BA7B1-A85F-4029-A926-A25FB77C4322} = {D535C16C-F4D9-4879-9216-8BC9E130CA6B}
		{F16585C3-3E10-4DC0-A3B0-EB63A57C161D} = {F3E78F8E-E4E2-43DD-9CCF-67AC823F38CF}
		{04325770-5300-47B3-A67D-2A2AB8D70E2E} = {F3E78F8E-E4E2-43DD-9CCF-67AC823F38CF}
		{67EB4392-87F0-44DC-9300-2915E5CF22DB} = {814DBC90-89C4-4875-877B-76BDADAAFA9A}
		{046F62D1-C32E-44A0-9DFB-EFB0A6319B55} = {814DBC90-89C4-4875-877B-76BDADAAFA9A}
		{99172B80-0578-48F1-B226-4C1ABF3FA0E6} = {8D5002AC-E2B7-4D49-A83F-0F09B228FD75}
	EndGlobalSection
	GlobalSection(ExtensibilityGlobals) = postSolution
		SolutionGuid = {7471ACE0-7327-4E38-9F1F-68B3234CAFBD}
	EndGlobalSection
EndGlobal
